// !$*UTF8*$!
{
	archiveVersion = 1;
	classes = {
	};
	objectVersion = 50;
	objects = {

/* Begin PBXBuildFile section */
		25116C63235B7BEB004D0846 /* main.c in Sources */ = {isa = PBXBuildFile; fileRef = 25116C62235B7BEB004D0846 /* main.c */; };
		25480BFF235B90C900B83C81 /* Die.c in Sources */ = {isa = PBXBuildFile; fileRef = 25480BFE235B90C900B83C81 /* Die.c */; };
		25480C02235CB6C500B83C81 /* NCArray.c in Sources */ = {isa = PBXBuildFile; fileRef = 25480C01235CB6C500B83C81 /* NCArray.c */; };
		257EB3852430710400BE9243 /* Interactive.c in Sources */ = {isa = PBXBuildFile; fileRef = 257EB3842430710400BE9243 /* Interactive.c */; };
		257EB3882430711200BE9243 /* Bulk.c in Sources */ = {isa = PBXBuildFile; fileRef = 257EB3872430711200BE9243 /* Bulk.c */; };
		257EB38B2430711D00BE9243 /* Batch.c in Sources */ = {isa = PBXBuildFile; fileRef = 257EB38A2430711D00BE9243 /* Batch.c */; };
/* End PBXBuildFile section */

/* Begin PBXCopyFilesBuildPhase section */
		25116C5D235B7BEB004D0846 /* CopyFiles */ = {
			isa = PBXCopyFilesBuildPhase;
			buildActionMask = 2147483647;
			dstPath = /usr/share/man/man1/;
			dstSubfolderSpec = 0;
			files = (
			);
			runOnlyForDeploymentPostprocessing = 1;
		};
/* End PBXCopyFilesBuildPhase section */

/* Begin PBXFileReference section */
		25116C5F235B7BEB004D0846 /* crol */ = {isa = PBXFileReference; explicitFileType = "compiled.mach-o.executable"; includeInIndex = 0; path = crol; sourceTree = BUILT_PRODUCTS_DIR; };
		25116C62235B7BEB004D0846 /* main.c */ = {isa = PBXFileReference; lastKnownFileType = sourcecode.c.c; path = main.c; sourceTree = "<group>"; };
		25480BFD235B90C900B83C81 /* Die.h */ = {isa = PBXFileReference; lastKnownFileType = sourcecode.c.h; path = Die.h; sourceTree = "<group>"; };
		25480BFE235B90C900B83C81 /* Die.c */ = {isa = PBXFileReference; lastKnownFileType = sourcecode.c.c; path = Die.c; sourceTree = "<group>"; };
		25480C00235CB6C500B83C81 /* NCArray.h */ = {isa = PBXFileReference; lastKnownFileType = sourcecode.c.h; path = NCArray.h; sourceTree = "<group>"; };
		25480C01235CB6C500B83C81 /* NCArray.c */ = {isa = PBXFileReference; lastKnownFileType = sourcecode.c.c; path = NCArray.c; sourceTree = "<group>"; };
		257EB3832430710400BE9243 /* Interactive.h */ = {isa = PBXFileReference; lastKnownFileType = sourcecode.c.h; path = Interactive.h; sourceTree = "<group>"; };
		257EB3842430710400BE9243 /* Interactive.c */ = {isa = PBXFileReference; lastKnownFileType = sourcecode.c.c; path = Interactive.c; sourceTree = "<group>"; };
		257EB3862430711200BE9243 /* Bulk.h */ = {isa = PBXFileReference; lastKnownFileType = sourcecode.c.h; path = Bulk.h; sourceTree = "<group>"; };
		257EB3872430711200BE9243 /* Bulk.c */ = {isa = PBXFileReference; lastKnownFileType = sourcecode.c.c; path = Bulk.c; sourceTree = "<group>"; };
		257EB3892430711D00BE9243 /* Batch.h */ = {isa = PBXFileReference; lastKnownFileType = sourcecode.c.h; path = Batch.h; sourceTree = "<group>"; };
		257EB38A2430711D00BE9243 /* Batch.c */ = {isa = PBXFileReference; lastKnownFileType = sourcecode.c.c; path = Batch.c; sourceTree = "<group>"; };
/* End PBXFileReference section */

/* Begin PBXFrameworksBuildPhase section */
		25116C5C235B7BEB004D0846 /* Frameworks */ = {
			isa = PBXFrameworksBuildPhase;
			buildActionMask = 2147483647;
			files = (
			);
			runOnlyForDeploymentPostprocessing = 0;
		};
/* End PBXFrameworksBuildPhase section */

/* Begin PBXGroup section */
		25116C56235B7BEB004D0846 = {
			isa = PBXGroup;
			children = (
				25116C61235B7BEB004D0846 /* c_roll */,
				257EB382243070C300BE9243 /* Modes */,
				257EB38124306EFC00BE9243 /* Structures */,
				25116C60235B7BEB004D0846 /* Products */,
			);
			sourceTree = "<group>";
		};
		25116C60235B7BEB004D0846 /* Products */ = {
			isa = PBXGroup;
			children = (
				25116C5F235B7BEB004D0846 /* crol */,
			);
			name = Products;
			sourceTree = "<group>";
		};
		25116C61235B7BEB004D0846 /* c_roll */ = {
			isa = PBXGroup;
			children = (
				25116C62235B7BEB004D0846 /* main.c */,
			);
			path = c_roll;
			sourceTree = "<group>";
		};
		257EB38124306EFC00BE9243 /* Structures */ = {
			isa = PBXGroup;
			children = (
				25480BFD235B90C900B83C81 /* Die.h */,
				25480BFE235B90C900B83C81 /* Die.c */,
				25480C00235CB6C500B83C81 /* NCArray.h */,
				25480C01235CB6C500B83C81 /* NCArray.c */,
			);
			path = Structures;
			sourceTree = "<group>";
		};
		257EB382243070C300BE9243 /* Modes */ = {
			isa = PBXGroup;
			children = (
				257EB3832430710400BE9243 /* Interactive.h */,
				257EB3842430710400BE9243 /* Interactive.c */,
				257EB3892430711D00BE9243 /* Batch.h */,
				257EB38A2430711D00BE9243 /* Batch.c */,
				257EB3862430711200BE9243 /* Bulk.h */,
				257EB3872430711200BE9243 /* Bulk.c */,
			);
			path = Modes;
			sourceTree = "<group>";
		};
/* End PBXGroup section */

/* Begin PBXNativeTarget section */
		25116C5E235B7BEB004D0846 /* c_roll */ = {
			isa = PBXNativeTarget;
			buildConfigurationList = 25116C66235B7BEB004D0846 /* Build configuration list for PBXNativeTarget "c_roll" */;
			buildPhases = (
				25116C5B235B7BEB004D0846 /* Sources */,
				25116C5C235B7BEB004D0846 /* Frameworks */,
				25116C5D235B7BEB004D0846 /* CopyFiles */,
			);
			buildRules = (
			);
			dependencies = (
			);
			name = c_roll;
			productName = c_roll;
			productReference = 25116C5F235B7BEB004D0846 /* crol */;
			productType = "com.apple.product-type.tool";
		};
/* End PBXNativeTarget section */

/* Begin PBXProject section */
		25116C57235B7BEB004D0846 /* Project object */ = {
			isa = PBXProject;
			attributes = {
				LastUpgradeCheck = 1110;
				ORGANIZATIONNAME = "Paul Malone";
				TargetAttributes = {
					25116C5E235B7BEB004D0846 = {
						CreatedOnToolsVersion = 10.3;
					};
				};
			};
			buildConfigurationList = 25116C5A235B7BEB004D0846 /* Build configuration list for PBXProject "c_roll" */;
			compatibilityVersion = "Xcode 9.3";
			developmentRegion = en;
			hasScannedForEncodings = 0;
			knownRegions = (
				en,
				Base,
			);
			mainGroup = 25116C56235B7BEB004D0846;
			productRefGroup = 25116C60235B7BEB004D0846 /* Products */;
			projectDirPath = "";
			projectRoot = "";
			targets = (
				25116C5E235B7BEB004D0846 /* c_roll */,
			);
		};
/* End PBXProject section */

/* Begin PBXSourcesBuildPhase section */
		25116C5B235B7BEB004D0846 /* Sources */ = {
			isa = PBXSourcesBuildPhase;
			buildActionMask = 2147483647;
			files = (
				257EB38B2430711D00BE9243 /* Batch.c in Sources */,
				257EB3882430711200BE9243 /* Bulk.c in Sources */,
				257EB3852430710400BE9243 /* Interactive.c in Sources */,
				25480BFF235B90C900B83C81 /* Die.c in Sources */,
				25116C63235B7BEB004D0846 /* main.c in Sources */,
				25480C02235CB6C500B83C81 /* NCArray.c in Sources */,
			);
			runOnlyForDeploymentPostprocessing = 0;
		};
/* End PBXSourcesBuildPhase section */

/* Begin XCBuildConfiguration section */
		25116C64235B7BEB004D0846 /* Debug */ = {
			isa = XCBuildConfiguration;
			buildSettings = {
				ALWAYS_SEARCH_USER_PATHS = NO;
				CLANG_ANALYZER_NONNULL = YES;
				CLANG_ANALYZER_NUMBER_OBJECT_CONVERSION = YES_AGGRESSIVE;
				CLANG_CXX_LANGUAGE_STANDARD = "gnu++14";
				CLANG_CXX_LIBRARY = "libc++";
				CLANG_ENABLE_MODULES = YES;
				CLANG_ENABLE_OBJC_ARC = YES;
				CLANG_ENABLE_OBJC_WEAK = YES;
				CLANG_WARN_BLOCK_CAPTURE_AUTORELEASING = YES;
				CLANG_WARN_BOOL_CONVERSION = YES;
				CLANG_WARN_COMMA = YES;
				CLANG_WARN_CONSTANT_CONVERSION = YES;
				CLANG_WARN_DEPRECATED_OBJC_IMPLEMENTATIONS = YES;
				CLANG_WARN_DIRECT_OBJC_ISA_USAGE = YES_ERROR;
				CLANG_WARN_DOCUMENTATION_COMMENTS = YES;
				CLANG_WARN_EMPTY_BODY = YES;
				CLANG_WARN_ENUM_CONVERSION = YES;
				CLANG_WARN_INFINITE_RECURSION = YES;
				CLANG_WARN_INT_CONVERSION = YES;
				CLANG_WARN_NON_LITERAL_NULL_CONVERSION = YES;
				CLANG_WARN_OBJC_IMPLICIT_RETAIN_SELF = YES;
				CLANG_WARN_OBJC_LITERAL_CONVERSION = YES;
				CLANG_WARN_OBJC_ROOT_CLASS = YES_ERROR;
				CLANG_WARN_RANGE_LOOP_ANALYSIS = YES;
				CLANG_WARN_STRICT_PROTOTYPES = YES;
				CLANG_WARN_SUSPICIOUS_MOVE = YES;
				CLANG_WARN_UNGUARDED_AVAILABILITY = YES_AGGRESSIVE;
				CLANG_WARN_UNREACHABLE_CODE = YES;
				CLANG_WARN__DUPLICATE_METHOD_MATCH = YES;
				CODE_SIGN_IDENTITY = "Mac Developer";
				COPY_PHASE_STRIP = NO;
				DEBUG_INFORMATION_FORMAT = dwarf;
				ENABLE_STRICT_OBJC_MSGSEND = YES;
				ENABLE_TESTABILITY = YES;
				GCC_C_LANGUAGE_STANDARD = gnu11;
				GCC_DYNAMIC_NO_PIC = NO;
				GCC_NO_COMMON_BLOCKS = YES;
				GCC_OPTIMIZATION_LEVEL = 0;
				GCC_PREPROCESSOR_DEFINITIONS = (
					"DEBUG=1",
					"$(inherited)",
				);
				GCC_WARN_64_TO_32_BIT_CONVERSION = YES;
				GCC_WARN_ABOUT_RETURN_TYPE = YES_ERROR;
				GCC_WARN_UNDECLARED_SELECTOR = YES;
				GCC_WARN_UNINITIALIZED_AUTOS = YES_AGGRESSIVE;
				GCC_WARN_UNUSED_FUNCTION = YES;
				GCC_WARN_UNUSED_VARIABLE = YES;
				MACOSX_DEPLOYMENT_TARGET = 10.14;
				MTL_ENABLE_DEBUG_INFO = INCLUDE_SOURCE;
				MTL_FAST_MATH = YES;
				ONLY_ACTIVE_ARCH = YES;
				SDKROOT = macosx;
			};
			name = Debug;
		};
		25116C65235B7BEB004D0846 /* Release */ = {
			isa = XCBuildConfiguration;
			buildSettings = {
				ALWAYS_SEARCH_USER_PATHS = NO;
				CLANG_ANALYZER_NONNULL = YES;
				CLANG_ANALYZER_NUMBER_OBJECT_CONVERSION = YES_AGGRESSIVE;
				CLANG_CXX_LANGUAGE_STANDARD = "gnu++14";
				CLANG_CXX_LIBRARY = "libc++";
				CLANG_ENABLE_MODULES = YES;
				CLANG_ENABLE_OBJC_ARC = YES;
				CLANG_ENABLE_OBJC_WEAK = YES;
				CLANG_WARN_BLOCK_CAPTURE_AUTORELEASING = YES;
				CLANG_WARN_BOOL_CONVERSION = YES;
				CLANG_WARN_COMMA = YES;
				CLANG_WARN_CONSTANT_CONVERSION = YES;
				CLANG_WARN_DEPRECATED_OBJC_IMPLEMENTATIONS = YES;
				CLANG_WARN_DIRECT_OBJC_ISA_USAGE = YES_ERROR;
				CLANG_WARN_DOCUMENTATION_COMMENTS = YES;
				CLANG_WARN_EMPTY_BODY = YES;
				CLANG_WARN_ENUM_CONVERSION = YES;
				CLANG_WARN_INFINITE_RECURSION = YES;
				CLANG_WARN_INT_CONVERSION = YES;
				CLANG_WARN_NON_LITERAL_NULL_CONVERSION = YES;
				CLANG_WARN_OBJC_IMPLICIT_RETAIN_SELF = YES;
				CLANG_WARN_OBJC_LITERAL_CONVERSION = YES;
				CLANG_WARN_OBJC_ROOT_CLASS = YES_ERROR;
				CLANG_WARN_RANGE_LOOP_ANALYSIS = YES;
				CLANG_WARN_STRICT_PROTOTYPES = YES;
				CLANG_WARN_SUSPICIOUS_MOVE = YES;
				CLANG_WARN_UNGUARDED_AVAILABILITY = YES_AGGRESSIVE;
				CLANG_WARN_UNREACHABLE_CODE = YES;
				CLANG_WARN__DUPLICATE_METHOD_MATCH = YES;
				CODE_SIGN_IDENTITY = "Mac Developer";
				COPY_PHASE_STRIP = NO;
				DEBUG_INFORMATION_FORMAT = "dwarf-with-dsym";
				ENABLE_NS_ASSERTIONS = NO;
				ENABLE_STRICT_OBJC_MSGSEND = YES;
				GCC_C_LANGUAGE_STANDARD = gnu11;
				GCC_NO_COMMON_BLOCKS = YES;
				GCC_WARN_64_TO_32_BIT_CONVERSION = YES;
				GCC_WARN_ABOUT_RETURN_TYPE = YES_ERROR;
				GCC_WARN_UNDECLARED_SELECTOR = YES;
				GCC_WARN_UNINITIALIZED_AUTOS = YES_AGGRESSIVE;
				GCC_WARN_UNUSED_FUNCTION = YES;
				GCC_WARN_UNUSED_VARIABLE = YES;
				MACOSX_DEPLOYMENT_TARGET = 10.14;
				MTL_ENABLE_DEBUG_INFO = NO;
				MTL_FAST_MATH = YES;
				SDKROOT = macosx;
			};
			name = Release;
		};
		25116C67235B7BEB004D0846 /* Debug */ = {
			isa = XCBuildConfiguration;
			buildSettings = {
				CODE_SIGN_IDENTITY = "-";
				CODE_SIGN_STYLE = Automatic;
				DEVELOPMENT_TEAM = T3Q6UYT2K5;
				PRODUCT_NAME = crol;
			};
			name = Debug;
		};
		25116C68235B7BEB004D0846 /* Release */ = {
			isa = XCBuildConfiguration;
			buildSettings = {
				CODE_SIGN_IDENTITY = "-";
				CODE_SIGN_STYLE = Automatic;
				DEVELOPMENT_TEAM = T3Q6UYT2K5;
				PRODUCT_NAME = crol;
			};
			name = Release;
		};
/* End XCBuildConfiguration section */

/* Begin XCConfigurationList section */
		25116C5A235B7BEB004D0846 /* Build configuration list for PBXProject "c_roll" */ = {
			isa = XCConfigurationList;
			buildConfigurations = (
				25116C64235B7BEB004D0846 /* Debug */,
				25116C65235B7BEB004D0846 /* Release */,
			);
			defaultConfigurationIsVisible = 0;
			defaultConfigurationName = Release;
		};
		25116C66235B7BEB004D0846 /* Build configuration list for PBXNativeTarget "c_roll" */ = {
			isa = XCConfigurationList;
			buildConfigurations = (
				25116C67235B7BEB004D0846 /* Debug */,
				25116C68235B7BEB004D0846 /* Release */,
			);
			defaultConfigurationIsVisible = 0;
			defaultConfigurationName = Release;
		};
/* End XCConfigurationList section */
	};
	rootObject = 25116C57235B7BEB004D0846 /* Project object */;
}
